
Microsoft Visual Studio Solution File, Format Version 12.00
# Visual Studio 15
VisualStudioVersion = 15.0.27130.2027
MinimumVisualStudioVersion = 10.0.40219.1
Project("{9A19103F-16F7-4668-BE54-9A1E7A4F7556}") = "MessageAPI", "MessageAPI\MessageAPI.csproj", "{515170CF-18EE-4C62-8B07-F5AAEEE3D6A3}"
EndProject
Project("{E53339B2-1760-4266-BCC7-CA923CBCF16C}") = "docker-compose", "docker-compose.dcproj", "{C13C76F6-8C4C-4FC9-93A4-176E30A2D4B5}"
EndProject
Global
	GlobalSection(SolutionConfigurationPlatforms) = preSolution
		Debug|Any CPU = Debug|Any CPU
		Release|Any CPU = Release|Any CPU
	EndGlobalSection
	GlobalSection(ProjectConfigurationPlatforms) = postSolution
		{515170CF-18EE-4C62-8B07-F5AAEEE3D6A3}.Debug|Any CPU.ActiveCfg = Debug|Any CPU
		{515170CF-18EE-4C62-8B07-F5AAEEE3D6A3}.Debug|Any CPU.Build.0 = Debug|Any CPU
		{515170CF-18EE-4C62-8B07-F5AAEEE3D6A3}.Release|Any CPU.ActiveCfg = Release|Any CPU
		{515170CF-18EE-4C62-8B07-F5AAEEE3D6A3}.Release|Any CPU.Build.0 = Release|Any CPU
		{C13C76F6-8C4C-4FC9-93A4-176E30A2D4B5}.Debug|Any CPU.ActiveCfg = Debug|Any CPU
		{C13C76F6-8C4C-4FC9-93A4-176E30A2D4B5}.Debug|Any CPU.Build.0 = Debug|Any CPU
		{C13C76F6-8C4C-4FC9-93A4-176E30A2D4B5}.Release|Any CPU.ActiveCfg = Release|Any CPU
		{C13C76F6-8C4C-4FC9-93A4-176E30A2D4B5}.Release|Any CPU.Build.0 = Release|Any CPU
	EndGlobalSection
	GlobalSection(SolutionProperties) = preSolution
		HideSolutionNode = FALSE
	EndGlobalSection
	GlobalSection(ExtensibilityGlobals) = postSolution
		SolutionGuid = {3D4DCF50-947E-4C9D-8F8D-995A240FEC01}
	EndGlobalSection
EndGlobal
